{
  "meteor": {},
  "dependencies": {
    "basePackages": {
      "bootstrap-3": {},
      "underscore-string-latest": {},
      "iron-router": {},
      "twit": {},
      "cron-tick": {},
      "lodash": {},
      "iron-router-progress": {},
      "jquery-imagesloaded": {},
      "jquery-masonry": {}
    },
    "packages": {
      "bootstrap-3": {
        "git": "https://github.com/mangasocial/meteor-bootstrap-3.git",
        "tag": "v0.3.6",
        "commit": "711dbcabe333c8714298b2fd1de97fdcdae6efa7"
      },
      "underscore-string-latest": {
        "git": "https://github.com/TimHeckel/meteor-underscore-string.git",
        "tag": "v2.3.3",
        "commit": "4a5d70eee48fbd90a6e6fc78747250d704a0b3bb"
      },
      "iron-router": {
        "git": "https://github.com/EventedMind/iron-router.git",
        "tag": "v0.6.1",
        "commit": "4e1ee0581d68bff422a915dacb0bd30eae10fe08"
      },
      "twit": {
        "git": "https://github.com/subhog/meteor-twit.git",
        "tag": "v0.2.0",
        "commit": "3eb473f9efef8c77ae6a8eb6715fbdf93c4d87c0"
      },
      "cron-tick": {
        "git": "https://github.com/tmeasday/meteor-cron.git",
        "tag": "v0.0.4",
        "commit": "44cff9116af510fe53704fdeeff57c444ceb75ba"
      },
      "lodash": {
        "git": "https://github.com/alethes/meteor-lodash.git",
        "tag": "v0.7.0",
        "commit": "0d4d8b43728f3ad1b54268148e61de398a3a4840"
      },
      "iron-router-progress": {
        "git": "https://github.com/Multiply/iron-router-progress.git",
        "tag": "v0.2.0",
        "commit": "ce730d1d26feadb7c75ea25f22c5bfdb0c549a8b"
      },
      "jquery-imagesloaded": {
        "git": "https://github.com/waltyuyu/meteor-jquery-imagesloaded.git",
        "tag": "v0.0.2",
        "commit": "90bd930cb149c3b1f2f04e08e69e736b2ea1005a"
      },
      "jquery-masonry": {
        "git": "https://github.com/waltyuyu/meteor-jquery-masonry.git",
        "tag": "v0.1.0",
        "commit": "ec514fa4440f3cd77f5f567f25be27dc38ab57fa"
      }
    }
  }
}
